
Microsoft Visual Studio Solution File, Format Version 12.00
# Visual Studio 15
VisualStudioVersion = 15.0.27004.2010
MinimumVisualStudioVersion = 10.0.40219.1
Project("{9A19103F-16F7-4668-BE54-9A1E7A4F7556}") = "LogoFX.Client.Mvvm.Model.NETStandard20", "LogoFX.Client.Mvvm.Model\netstandard2.0\LogoFX.Client.Mvvm.Model.NETStandard20.csproj", "{1D7E37F2-3407-4546-AE0D-C5B2080C11EB}"
EndProject
Project("{FAE04EC0-301F-11D3-BF4B-00C04F79EFBC}") = "LogoFX.Client.Mvvm.Model.NETStandard20.Tests", "LogoFX.Client.Mvvm.Model.NETStandard20.Tests\LogoFX.Client.Mvvm.Model.NETStandard20.Tests.csproj", "{760C1844-A5D3-44EF-8FBE-2216112CE233}"
EndProject
Project("{9A19103F-16F7-4668-BE54-9A1E7A4F7556}") = "LogoFX.Client.Mvvm.Model.Contracts", "LogoFX.Client.Mvvm.Model.Contracts\LogoFX.Client.Mvvm.Model.Contracts.csproj", "{32BCBE6B-8F93-4772-BA5B-DEF4749FEC46}"
EndProject
Global
	GlobalSection(SolutionConfigurationPlatforms) = preSolution
		Debug|Any CPU = Debug|Any CPU
		Release|Any CPU = Release|Any CPU
	EndGlobalSection
	GlobalSection(ProjectConfigurationPlatforms) = postSolution
		{1D7E37F2-3407-4546-AE0D-C5B2080C11EB}.Debug|Any CPU.ActiveCfg = Debug|Any CPU
		{1D7E37F2-3407-4546-AE0D-C5B2080C11EB}.Debug|Any CPU.Build.0 = Debug|Any CPU
		{1D7E37F2-3407-4546-AE0D-C5B2080C11EB}.Release|Any CPU.ActiveCfg = Release|Any CPU
		{1D7E37F2-3407-4546-AE0D-C5B2080C11EB}.Release|Any CPU.Build.0 = Release|Any CPU
		{760C1844-A5D3-44EF-8FBE-2216112CE233}.Debug|Any CPU.ActiveCfg = Debug|Any CPU
		{760C1844-A5D3-44EF-8FBE-2216112CE233}.Debug|Any CPU.Build.0 = Debug|Any CPU
		{760C1844-A5D3-44EF-8FBE-2216112CE233}.Release|Any CPU.ActiveCfg = Release|Any CPU
		{760C1844-A5D3-44EF-8FBE-2216112CE233}.Release|Any CPU.Build.0 = Release|Any CPU
		{32BCBE6B-8F93-4772-BA5B-DEF4749FEC46}.Debug|Any CPU.ActiveCfg = Debug|Any CPU
		{32BCBE6B-8F93-4772-BA5B-DEF4749FEC46}.Debug|Any CPU.Build.0 = Debug|Any CPU
		{32BCBE6B-8F93-4772-BA5B-DEF4749FEC46}.Release|Any CPU.ActiveCfg = Release|Any CPU
		{32BCBE6B-8F93-4772-BA5B-DEF4749FEC46}.Release|Any CPU.Build.0 = Release|Any CPU
	EndGlobalSection
	GlobalSection(SolutionProperties) = preSolution
		HideSolutionNode = FALSE
	EndGlobalSection
	GlobalSection(ExtensibilityGlobals) = postSolution
		SolutionGuid = {FAF45108-B533-40DC-8440-3585B227D8A7}
	EndGlobalSection
EndGlobal
