
Microsoft Visual Studio Solution File, Format Version 12.00
# Visual Studio 15
VisualStudioVersion = 15.0.26430.13
MinimumVisualStudioVersion = 10.0.40219.1
Project("{FAE04EC0-301F-11D3-BF4B-00C04F79EFBC}") = "LogoFX.Client.Mvvm.Model.Contracts.NET45", "LogoFX.Client.Mvvm.Model.Contracts\net45\LogoFX.Client.Mvvm.Model.Contracts.NET45.csproj", "{CD93A053-1ACC-4AA3-9255-BF8A8464CD3F}"
EndProject
Project("{FAE04EC0-301F-11D3-BF4B-00C04F79EFBC}") = "LogoFX.Client.Mvvm.Model.NET45", "LogoFX.Client.Mvvm.Model\net45\LogoFX.Client.Mvvm.Model.NET45.csproj", "{EE1E5DBB-B9AC-4FCD-87F2-0F99E6089ACF}"
EndProject
Project("{FAE04EC0-301F-11D3-BF4B-00C04F79EFBC}") = "LogoFX.Client.Mvvm.Model.NET45.Tests", "LogoFX.Client.Mvvm.Model.Tests\net45\LogoFX.Client.Mvvm.Model.NET45.Tests.csproj", "{0583BF7E-32B1-4909-BCCA-BBCF1D35933F}"
EndProject
Project("{9A19103F-16F7-4668-BE54-9A1E7A4F7556}") = "LogoFX.Client.Mvvm.Model.Contracts.NETStandard13", "LogoFX.Client.Mvvm.Model.Contracts\netstandard1.3\LogoFX.Client.Mvvm.Model.Contracts.NETStandard13.csproj", "{D4C76FF1-49CB-42DB-BBB8-A3D8C6CFE2BD}"
EndProject
Project("{9A19103F-16F7-4668-BE54-9A1E7A4F7556}") = "LogoFX.Client.Mvvm.Model.NETStandard13", "LogoFX.Client.Mvvm.Model\netstandard1.3\LogoFX.Client.Mvvm.Model.NETStandard13.csproj", "{7B3D0DBB-0619-4C46-A95D-81575BECA97C}"
EndProject
Project("{FAE04EC0-301F-11D3-BF4B-00C04F79EFBC}") = "LogoFX.Client.Mvvm.Model.NETStandard13.Tests", "LogoFX.Client.Mvvm.Model.NETStandard13.Tests\LogoFX.Client.Mvvm.Model.NETStandard13.Tests.csproj", "{31EE7617-B789-4473-9B88-11E906EB8579}"
EndProject
Global
	GlobalSection(SolutionConfigurationPlatforms) = preSolution
		Debug|Any CPU = Debug|Any CPU
		Release|Any CPU = Release|Any CPU
	EndGlobalSection
	GlobalSection(ProjectConfigurationPlatforms) = postSolution
		{CD93A053-1ACC-4AA3-9255-BF8A8464CD3F}.Debug|Any CPU.ActiveCfg = Debug|Any CPU
		{CD93A053-1ACC-4AA3-9255-BF8A8464CD3F}.Debug|Any CPU.Build.0 = Debug|Any CPU
		{CD93A053-1ACC-4AA3-9255-BF8A8464CD3F}.Release|Any CPU.ActiveCfg = Release|Any CPU
		{CD93A053-1ACC-4AA3-9255-BF8A8464CD3F}.Release|Any CPU.Build.0 = Release|Any CPU
		{EE1E5DBB-B9AC-4FCD-87F2-0F99E6089ACF}.Debug|Any CPU.ActiveCfg = Debug|Any CPU
		{EE1E5DBB-B9AC-4FCD-87F2-0F99E6089ACF}.Debug|Any CPU.Build.0 = Debug|Any CPU
		{EE1E5DBB-B9AC-4FCD-87F2-0F99E6089ACF}.Release|Any CPU.ActiveCfg = Release|Any CPU
		{EE1E5DBB-B9AC-4FCD-87F2-0F99E6089ACF}.Release|Any CPU.Build.0 = Release|Any CPU
		{0583BF7E-32B1-4909-BCCA-BBCF1D35933F}.Debug|Any CPU.ActiveCfg = Debug|Any CPU
		{0583BF7E-32B1-4909-BCCA-BBCF1D35933F}.Debug|Any CPU.Build.0 = Debug|Any CPU
		{0583BF7E-32B1-4909-BCCA-BBCF1D35933F}.Release|Any CPU.ActiveCfg = Release|Any CPU
		{0583BF7E-32B1-4909-BCCA-BBCF1D35933F}.Release|Any CPU.Build.0 = Release|Any CPU
		{D4C76FF1-49CB-42DB-BBB8-A3D8C6CFE2BD}.Debug|Any CPU.ActiveCfg = Debug|Any CPU
		{D4C76FF1-49CB-42DB-BBB8-A3D8C6CFE2BD}.Debug|Any CPU.Build.0 = Debug|Any CPU
		{D4C76FF1-49CB-42DB-BBB8-A3D8C6CFE2BD}.Release|Any CPU.ActiveCfg = Release|Any CPU
		{D4C76FF1-49CB-42DB-BBB8-A3D8C6CFE2BD}.Release|Any CPU.Build.0 = Release|Any CPU
		{7B3D0DBB-0619-4C46-A95D-81575BECA97C}.Debug|Any CPU.ActiveCfg = Debug|Any CPU
		{7B3D0DBB-0619-4C46-A95D-81575BECA97C}.Debug|Any CPU.Build.0 = Debug|Any CPU
		{7B3D0DBB-0619-4C46-A95D-81575BECA97C}.Release|Any CPU.ActiveCfg = Release|Any CPU
		{7B3D0DBB-0619-4C46-A95D-81575BECA97C}.Release|Any CPU.Build.0 = Release|Any CPU
		{31EE7617-B789-4473-9B88-11E906EB8579}.Debug|Any CPU.ActiveCfg = Debug|Any CPU
		{31EE7617-B789-4473-9B88-11E906EB8579}.Debug|Any CPU.Build.0 = Debug|Any CPU
		{31EE7617-B789-4473-9B88-11E906EB8579}.Release|Any CPU.ActiveCfg = Release|Any CPU
		{31EE7617-B789-4473-9B88-11E906EB8579}.Release|Any CPU.Build.0 = Release|Any CPU
	EndGlobalSection
	GlobalSection(SolutionProperties) = preSolution
		HideSolutionNode = FALSE
	EndGlobalSection
EndGlobal
